# Generated by buf. DO NOT EDIT.
version: v2
deps:
  - name: buf.build/bufbuild/protovalidate
    commit: 6c6e0d3c608e4549802254a2eee81bc8
    digest: b5:a7ca081f38656fc0f5aaa685cc111d3342876723851b47ca6b80cbb810cbb2380f8c444115c495ada58fa1f85eff44e68dc54a445761c195acdb5e8d9af675b6
  - name: buf.build/sebmelki/sebuf
    commit: 04ff54d64dd742c5bff2e6c87fa2f14a
    digest: b5:383fa2da1aac0cf6ffd0b9c0c49a1f0d251e112ff1e82ce28b0fa40c786f3b8c7986e437eac73efa73e31e4ef3286300be1d5833db6afe7a244605413abc8037
